
Microsoft Visual Studio Solution File, Format Version 12.00
# Visual Studio Version 17
VisualStudioVersion = 17.7.33920.267
MinimumVisualStudioVersion = 10.0.40219.1
Project("{FAE04EC0-301F-11D3-BF4B-00C04F79EFBC}") = "Field2Local", "Field2Local.csproj", "{8991541C-C149-4DFC-8179-F985FC544B37}"
EndProject
Global
	GlobalSection(SolutionConfigurationPlatforms) = preSolution
		Debug|Any CPU = Debug|Any CPU
		Release|Any CPU = Release|Any CPU
	EndGlobalSection
	GlobalSection(ProjectConfigurationPlatforms) = postSolution
		{8991541C-C149-4DFC-8179-F985FC544B37}.Debug|Any CPU.ActiveCfg = Debug|Any CPU
		{8991541C-C149-4DFC-8179-F985FC544B37}.Debug|Any CPU.Build.0 = Debug|Any CPU
		{8991541C-C149-4DFC-8179-F985FC544B37}.Release|Any CPU.ActiveCfg = Release|Any CPU
		{8991541C-C149-4DFC-8179-F985FC544B37}.Release|Any CPU.Build.0 = Release|Any CPU
	EndGlobalSection
	GlobalSection(SolutionProperties) = preSolution
		HideSolutionNode = FALSE
	EndGlobalSection
	GlobalSection(ExtensibilityGlobals) = postSolution
		SolutionGuid = {7CE50732-CD5F-48A5-B693-FF5893805F43}
	EndGlobalSection
EndGlobal
